<?xml version="1.0" encoding="utf-8"?>
<Project ToolsVersion="4.0" xmlns="http://schemas.microsoft.com/developer/msbuild/2003">
  <ItemGroup>
    <Filter Include="1 Основные">
      <UniqueIdentifier>{c0d91c21-c7d5-4960-a5ea-f5431de9e967}</UniqueIdentifier>
    </Filter>
    <Filter Include="2 Ресурсы">
      <UniqueIdentifier>{8107311a-a89b-4fdb-819d-d3d6ca9a6b69}</UniqueIdentifier>
    </Filter>
    <Filter Include="3 Прочее">
      <UniqueIdentifier>{02671a0b-68cb-41cc-9f38-9eb0120f6f07}</UniqueIdentifier>
    </Filter>
    <Filter Include="4 v8api">
      <UniqueIdentifier>{e2a320aa-395b-4a58-9d6f-22b57722c7bb}</UniqueIdentifier>
    </Filter>
    <Filter Include="5 engine">
      <UniqueIdentifier>{c5148a9d-dc70-4ba4-b791-597f7d440971}</UniqueIdentifier>
    </Filter>
    <Filter Include="6 scripts">
      <UniqueIdentifier>{747b2c0c-fc89-445d-81e7-d8d775640f84}</UniqueIdentifier>
    </Filter>
  </ItemGroup>
  <ItemGroup>
    <ClInclude Include="src\test_load_dll\framework.h">
      <Filter>3 Прочее</Filter>
    </ClInclude>
    <ClInclude Include="src\test_load_dll\pch.h">
      <Filter>3 Прочее</Filter>
    </ClInclude>
    <ClInclude Include="src\test_load_dll\resource.h">
      <Filter>2 Ресурсы</Filter>
    </ClInclude>
  </ItemGroup>
  <ItemGroup>
    <ClCompile Include="src\test_load_dll\pch.cpp">
      <Filter>3 Прочее</Filter>
    </ClCompile>
    <ClCompile Include="src\test_load_dll\dllmain.cpp">
      <Filter>1 Основные</Filter>
    </ClCompile>
  </ItemGroup>
  <ItemGroup>
    <ResourceCompile Include="src\test_load_dll\snegopat_modul.rc">
      <Filter>2 Ресурсы</Filter>
    </ResourceCompile>
  </ItemGroup>
  <ItemGroup>
    <None Include="src\ts\std\commands.ts">
      <Filter>6 scripts</Filter>
    </None>
    <None Include="src\ts\std\editors.ts">
      <Filter>6 scripts</Filter>
    </None>
    <None Include="src\ts\std\help.ts">
      <Filter>6 scripts</Filter>
    </None>
    <None Include="src\ts\std\hotkeys.ts">
      <Filter>6 scripts</Filter>
    </None>
    <None Include="src\ts\std\macroswnd.ts">
      <Filter>6 scripts</Filter>
    </None>
    <None Include="src\ts\std\main.ts">
      <Filter>6 scripts</Filter>
    </None>
    <None Include="src\ts\std\repo.ts">
      <Filter>6 scripts</Filter>
    </None>
    <None Include="src\ts\std\scintilla.ts">
      <Filter>6 scripts</Filter>
    </None>
    <None Include="src\ts\std\snegopat.ts">
      <Filter>6 scripts</Filter>
    </None>
    <None Include="src\ts\std\snegopatwnd.ts">
      <Filter>6 scripts</Filter>
    </None>
    <None Include="src\ts\std\std.ts">
      <Filter>6 scripts</Filter>
    </None>
  </ItemGroup>
  <ItemGroup>
    <CopyFileToFolders Include="engine\typereader.as">
      <Filter>5 engine</Filter>
    </CopyFileToFolders>
    <CopyFileToFolders Include="v8api\window.v">
      <Filter>4 v8api</Filter>
    </CopyFileToFolders>
    <CopyFileToFolders Include="module.info">
      <Filter>1 Основные</Filter>
    </CopyFileToFolders>
    <CopyFileToFolders Include="lib\x86\snegopat.dll">
      <Filter>1 Основные</Filter>
    </CopyFileToFolders>
    <CopyFileToFolders Include="engine\addins.as" />
    <CopyFileToFolders Include="engine\add_global.as" />
    <CopyFileToFolders Include="engine\colorer.as" />
    <CopyFileToFolders Include="engine\com_commands.as" />
    <CopyFileToFolders Include="engine\com_debug.as" />
    <CopyFileToFolders Include="engine\com_designer.as" />
    <CopyFileToFolders Include="engine\com_events.as" />
    <CopyFileToFolders Include="engine\com_files.as" />
    <CopyFileToFolders Include="engine\com_hotkeys.as" />
    <CopyFileToFolders Include="engine\com_metadata.as" />
    <CopyFileToFolders Include="engine\com_profile.as" />
    <CopyFileToFolders Include="engine\com_snegopat.as" />
    <CopyFileToFolders Include="engine\com_sqlite.as" />
    <CopyFileToFolders Include="engine\com_textwindow.as" />
    <CopyFileToFolders Include="engine\com_v8ti.as" />
    <CopyFileToFolders Include="engine\com_v8value.as" />
    <CopyFileToFolders Include="engine\com_windows.as" />
    <CopyFileToFolders Include="engine\controls.as" />
    <CopyFileToFolders Include="engine\develop.as" />
    <CopyFileToFolders Include="engine\dllloader.as" />
    <CopyFileToFolders Include="engine\exitApp.as" />
    <CopyFileToFolders Include="engine\forms.as" />
    <CopyFileToFolders Include="engine\grid.as" />
    <CopyFileToFolders Include="engine\intellisite.as" />
    <CopyFileToFolders Include="engine\keywords.as" />
    <CopyFileToFolders Include="engine\lexer.as" />
    <CopyFileToFolders Include="engine\main.as" />
    <CopyFileToFolders Include="engine\mainframe.as" />
    <CopyFileToFolders Include="engine\mlist.as" />
    <CopyFileToFolders Include="engine\ModuleElements.as" />
    <CopyFileToFolders Include="engine\ModuleTextProcessor.as" />
    <CopyFileToFolders Include="engine\options.as" />
    <CopyFileToFolders Include="engine\packets.as" />
    <CopyFileToFolders Include="engine\pathes.as" />
    <CopyFileToFolders Include="engine\scriptLoader.as" />
    <CopyFileToFolders Include="engine\smartboxitems.as" />
    <CopyFileToFolders Include="engine\sqlcolors.as" />
    <CopyFileToFolders Include="engine\StockListInterceptor.as" />
    <CopyFileToFolders Include="engine\synedit.as" />
    <CopyFileToFolders Include="engine\tests.as" />
    <CopyFileToFolders Include="engine\textwnd.as" />
    <CopyFileToFolders Include="lib\x64\snegopat.dll" />
    <CopyFileToFolders Include="v8api\bkendui.v" />
    <CopyFileToFolders Include="v8api\com.v" />
    <CopyFileToFolders Include="v8api\command.v" />
    <CopyFileToFolders Include="v8api\compositeid.v" />
    <CopyFileToFolders Include="v8api\datasource.v" />
    <CopyFileToFolders Include="v8api\debugger.v" />
    <CopyFileToFolders Include="v8api\document.v" />
    <CopyFileToFolders Include="v8api\event.v" />
    <CopyFileToFolders Include="v8api\file.v" />
    <CopyFileToFolders Include="v8api\font.v" />
    <CopyFileToFolders Include="v8api\form.v" />
    <CopyFileToFolders Include="v8api\metadata.v" />
    <CopyFileToFolders Include="v8api\picture.v" />
    <CopyFileToFolders Include="v8api\process.v" />
    <CopyFileToFolders Include="v8api\profile.v" />
    <CopyFileToFolders Include="v8api\properties.v" />
    <CopyFileToFolders Include="v8api\rect.v" />
    <CopyFileToFolders Include="v8api\scintilla.v" />
    <CopyFileToFolders Include="v8api\stlstd.v" />
    <CopyFileToFolders Include="v8api\string.v" />
    <CopyFileToFolders Include="v8api\text.v" />
    <CopyFileToFolders Include="v8api\textcolors.v" />
    <CopyFileToFolders Include="v8api\textmgr.v" />
    <CopyFileToFolders Include="v8api\TypeDomainPattern.v" />
    <CopyFileToFolders Include="v8api\typeinfos.v" />
    <CopyFileToFolders Include="v8api\url.v" />
    <CopyFileToFolders Include="v8api\value.v" />
    <CopyFileToFolders Include="v8api\vt.v" />
  </ItemGroup>
</Project>